
Microsoft Visual Studio Solution File, Format Version 12.00
# Visual Studio Version 17
VisualStudioVersion = 17.5.33627.172
MinimumVisualStudioVersion = 10.0.40219.1
Project("{FAE04EC0-301F-11D3-BF4B-00C04F79EFBC}") = "LAB_8", "LAB_8\LAB_8.csproj", "{2D2A491C-70B5-4866-81C3-C072E48768FD}"
EndProject
Global
	GlobalSection(SolutionConfigurationPlatforms) = preSolution
		Debug|Any CPU = Debug|Any CPU
		Release|Any CPU = Release|Any CPU
	EndGlobalSection
	GlobalSection(ProjectConfigurationPlatforms) = postSolution
		{2D2A491C-70B5-4866-81C3-C072E48768FD}.Debug|Any CPU.ActiveCfg = Debug|Any CPU
		{2D2A491C-70B5-4866-81C3-C072E48768FD}.Debug|Any CPU.Build.0 = Debug|Any CPU
		{2D2A491C-70B5-4866-81C3-C072E48768FD}.Release|Any CPU.ActiveCfg = Release|Any CPU
		{2D2A491C-70B5-4866-81C3-C072E48768FD}.Release|Any CPU.Build.0 = Release|Any CPU
	EndGlobalSection
	GlobalSection(SolutionProperties) = preSolution
		HideSolutionNode = FALSE
	EndGlobalSection
	GlobalSection(ExtensibilityGlobals) = postSolution
		SolutionGuid = {1B2DB20D-5A40-4667-A098-59382426B4EC}
	EndGlobalSection
EndGlobal
